// !$*UTF8*$!
{
	archiveVersion = 1;
	classes = {
	};
	objectVersion = 46;
	objects = {

/* Begin PBXBuildFile section */
		2E0BD21E36401081FAC84FC7 /* libPods-JAReader.a in Frameworks */ = {isa = PBXBuildFile; fileRef = 80F77701BA4143C499EE6FD6 /* libPods-JAReader.a */; };
		96F2A24D1EFD67E800C42B63 /* JAReaderConfig.m in Sources */ = {isa = PBXBuildFile; fileRef = 96F2A2441EFD67E800C42B63 /* JAReaderConfig.m */; };
		96F2A24E1EFD67E800C42B63 /* JAReaderPageView.m in Sources */ = {isa = PBXBuildFile; fileRef = 96F2A2461EFD67E800C42B63 /* JAReaderPageView.m */; };
		96F2A24F1EFD67E800C42B63 /* JAReaderPageViewController.m in Sources */ = {isa = PBXBuildFile; fileRef = 96F2A2481EFD67E800C42B63 /* JAReaderPageViewController.m */; };
		96F2A2501EFD67E800C42B63 /* JAReaderParser.m in Sources */ = {isa = PBXBuildFile; fileRef = 96F2A24A1EFD67E800C42B63 /* JAReaderParser.m */; };
		96F2A2511EFD67E800C42B63 /* JAReaderViewController.m in Sources */ = {isa = PBXBuildFile; fileRef = 96F2A24C1EFD67E800C42B63 /* JAReaderViewController.m */; };
		96F4258C1EF2CC00005610C3 /* main.m in Sources */ = {isa = PBXBuildFile; fileRef = 96F4258B1EF2CC00005610C3 /* main.m */; };
		96F4258F1EF2CC00005610C3 /* AppDelegate.m in Sources */ = {isa = PBXBuildFile; fileRef = 96F4258E1EF2CC00005610C3 /* AppDelegate.m */; };
		96F425921EF2CC00005610C3 /* ViewController.m in Sources */ = {isa = PBXBuildFile; fileRef = 96F425911EF2CC00005610C3 /* ViewController.m */; };
		96F425951EF2CC00005610C3 /* Main.storyboard in Resources */ = {isa = PBXBuildFile; fileRef = 96F425931EF2CC00005610C3 /* Main.storyboard */; };
		96F425971EF2CC00005610C3 /* Assets.xcassets in Resources */ = {isa = PBXBuildFile; fileRef = 96F425961EF2CC00005610C3 /* Assets.xcassets */; };
		96F4259A1EF2CC00005610C3 /* LaunchScreen.storyboard in Resources */ = {isa = PBXBuildFile; fileRef = 96F425981EF2CC00005610C3 /* LaunchScreen.storyboard */; };
/* End PBXBuildFile section */

/* Begin PBXFileReference section */
		599BEE1B754708FB1D58BF36 /* Pods-JAReader.release.xcconfig */ = {isa = PBXFileReference; includeInIndex = 1; lastKnownFileType = text.xcconfig; name = "Pods-JAReader.release.xcconfig"; path = "Pods/Target Support Files/Pods-JAReader/Pods-JAReader.release.xcconfig"; sourceTree = "<group>"; };
		77544448C247719603D5357B /* Pods-JAReader.debug.xcconfig */ = {isa = PBXFileReference; includeInIndex = 1; lastKnownFileType = text.xcconfig; name = "Pods-JAReader.debug.xcconfig"; path = "Pods/Target Support Files/Pods-JAReader/Pods-JAReader.debug.xcconfig"; sourceTree = "<group>"; };
		80F77701BA4143C499EE6FD6 /* libPods-JAReader.a */ = {isa = PBXFileReference; explicitFileType = archive.ar; includeInIndex = 0; path = "libPods-JAReader.a"; sourceTree = BUILT_PRODUCTS_DIR; };
		96F2A2431EFD67E800C42B63 /* JAReaderConfig.h */ = {isa = PBXFileReference; fileEncoding = 4; lastKnownFileType = sourcecode.c.h; path = JAReaderConfig.h; sourceTree = "<group>"; };
		96F2A2441EFD67E800C42B63 /* JAReaderConfig.m */ = {isa = PBXFileReference; fileEncoding = 4; lastKnownFileType = sourcecode.c.objc; path = JAReaderConfig.m; sourceTree = "<group>"; };
		96F2A2451EFD67E800C42B63 /* JAReaderPageView.h */ = {isa = PBXFileReference; fileEncoding = 4; lastKnownFileType = sourcecode.c.h; path = JAReaderPageView.h; sourceTree = "<group>"; };
		96F2A2461EFD67E800C42B63 /* JAReaderPageView.m */ = {isa = PBXFileReference; fileEncoding = 4; lastKnownFileType = sourcecode.c.objc; path = JAReaderPageView.m; sourceTree = "<group>"; };
		96F2A2471EFD67E800C42B63 /* JAReaderPageViewController.h */ = {isa = PBXFileReference; fileEncoding = 4; lastKnownFileType = sourcecode.c.h; path = JAReaderPageViewController.h; sourceTree = "<group>"; };
		96F2A2481EFD67E800C42B63 /* JAReaderPageViewController.m */ = {isa = PBXFileReference; fileEncoding = 4; lastKnownFileType = sourcecode.c.objc; path = JAReaderPageViewController.m; sourceTree = "<group>"; };
		96F2A2491EFD67E800C42B63 /* JAReaderParser.h */ = {isa = PBXFileReference; fileEncoding = 4; lastKnownFileType = sourcecode.c.h; path = JAReaderParser.h; sourceTree = "<group>"; };
		96F2A24A1EFD67E800C42B63 /* JAReaderParser.m */ = {isa = PBXFileReference; fileEncoding = 4; lastKnownFileType = sourcecode.c.objc; path = JAReaderParser.m; sourceTree = "<group>"; };
		96F2A24B1EFD67E800C42B63 /* JAReaderViewController.h */ = {isa = PBXFileReference; fileEncoding = 4; lastKnownFileType = sourcecode.c.h; path = JAReaderViewController.h; sourceTree = "<group>"; };
		96F2A24C1EFD67E800C42B63 /* JAReaderViewController.m */ = {isa = PBXFileReference; fileEncoding = 4; lastKnownFileType = sourcecode.c.objc; path = JAReaderViewController.m; sourceTree = "<group>"; };
		96F425871EF2CC00005610C3 /* JAReader.app */ = {isa = PBXFileReference; explicitFileType = wrapper.application; includeInIndex = 0; path = JAReader.app; sourceTree = BUILT_PRODUCTS_DIR; };
		96F4258B1EF2CC00005610C3 /* main.m */ = {isa = PBXFileReference; lastKnownFileType = sourcecode.c.objc; path = main.m; sourceTree = "<group>"; };
		96F4258D1EF2CC00005610C3 /* AppDelegate.h */ = {isa = PBXFileReference; lastKnownFileType = sourcecode.c.h; path = AppDelegate.h; sourceTree = "<group>"; };
		96F4258E1EF2CC00005610C3 /* AppDelegate.m */ = {isa = PBXFileReference; lastKnownFileType = sourcecode.c.objc; path = AppDelegate.m; sourceTree = "<group>"; };
		96F425901EF2CC00005610C3 /* ViewController.h */ = {isa = PBXFileReference; lastKnownFileType = sourcecode.c.h; path = ViewController.h; sourceTree = "<group>"; };
		96F425911EF2CC00005610C3 /* ViewController.m */ = {isa = PBXFileReference; lastKnownFileType = sourcecode.c.objc; path = ViewController.m; sourceTree = "<group>"; };
		96F425941EF2CC00005610C3 /* Base */ = {isa = PBXFileReference; lastKnownFileType = file.storyboard; name = Base; path = Base.lproj/Main.storyboard; sourceTree = "<group>"; };
		96F425961EF2CC00005610C3 /* Assets.xcassets */ = {isa = PBXFileReference; lastKnownFileType = folder.assetcatalog; path = Assets.xcassets; sourceTree = "<group>"; };
		96F425991EF2CC00005610C3 /* Base */ = {isa = PBXFileReference; lastKnownFileType = file.storyboard; name = Base; path = Base.lproj/LaunchScreen.storyboard; sourceTree = "<group>"; };
		96F4259B1EF2CC00005610C3 /* Info.plist */ = {isa = PBXFileReference; lastKnownFileType = text.plist.xml; path = Info.plist; sourceTree = "<group>"; };
/* End PBXFileReference section */

/* Begin PBXFrameworksBuildPhase section */
		96F425841EF2CC00005610C3 /* Frameworks */ = {
			isa = PBXFrameworksBuildPhase;
			buildActionMask = 2147483647;
			files = (
				2E0BD21E36401081FAC84FC7 /* libPods-JAReader.a in Frameworks */,
			);
			runOnlyForDeploymentPostprocessing = 0;
		};
/* End PBXFrameworksBuildPhase section */

/* Begin PBXGroup section */
		96816A841EF423C200E1F38D /* Reader */ = {
			isa = PBXGroup;
			children = (
				96F2A2431EFD67E800C42B63 /* JAReaderConfig.h */,
				96F2A2441EFD67E800C42B63 /* JAReaderConfig.m */,
				96F2A2451EFD67E800C42B63 /* JAReaderPageView.h */,
				96F2A2461EFD67E800C42B63 /* JAReaderPageView.m */,
				96F2A2471EFD67E800C42B63 /* JAReaderPageViewController.h */,
				96F2A2481EFD67E800C42B63 /* JAReaderPageViewController.m */,
				96F2A2491EFD67E800C42B63 /* JAReaderParser.h */,
				96F2A24A1EFD67E800C42B63 /* JAReaderParser.m */,
				96F2A24B1EFD67E800C42B63 /* JAReaderViewController.h */,
				96F2A24C1EFD67E800C42B63 /* JAReaderViewController.m */,
			);
			path = Reader;
			sourceTree = "<group>";
		};
		96F4257E1EF2CC00005610C3 = {
			isa = PBXGroup;
			children = (
				96F425891EF2CC00005610C3 /* JAReader */,
				96F425881EF2CC00005610C3 /* Products */,
				B10D4D1E49CEFDB72F49A800 /* Pods */,
				E87158A342830DCC75EF9E79 /* Frameworks */,
			);
			sourceTree = "<group>";
		};
		96F425881EF2CC00005610C3 /* Products */ = {
			isa = PBXGroup;
			children = (
				96F425871EF2CC00005610C3 /* JAReader.app */,
			);
			name = Products;
			sourceTree = "<group>";
		};
		96F425891EF2CC00005610C3 /* JAReader */ = {
			isa = PBXGroup;
			children = (
				96816A841EF423C200E1F38D /* Reader */,
				96F4258D1EF2CC00005610C3 /* AppDelegate.h */,
				96F4258E1EF2CC00005610C3 /* AppDelegate.m */,
				96F425901EF2CC00005610C3 /* ViewController.h */,
				96F425911EF2CC00005610C3 /* ViewController.m */,
				96F425931EF2CC00005610C3 /* Main.storyboard */,
				96F425961EF2CC00005610C3 /* Assets.xcassets */,
				96F425981EF2CC00005610C3 /* LaunchScreen.storyboard */,
				96F4259B1EF2CC00005610C3 /* Info.plist */,
				96F4258A1EF2CC00005610C3 /* Supporting Files */,
			);
			path = JAReader;
			sourceTree = "<group>";
		};
		96F4258A1EF2CC00005610C3 /* Supporting Files */ = {
			isa = PBXGroup;
			children = (
				96F4258B1EF2CC00005610C3 /* main.m */,
			);
			name = "Supporting Files";
			sourceTree = "<group>";
		};
		B10D4D1E49CEFDB72F49A800 /* Pods */ = {
			isa = PBXGroup;
			children = (
				77544448C247719603D5357B /* Pods-JAReader.debug.xcconfig */,
				599BEE1B754708FB1D58BF36 /* Pods-JAReader.release.xcconfig */,
			);
			name = Pods;
			sourceTree = "<group>";
		};
		E87158A342830DCC75EF9E79 /* Frameworks */ = {
			isa = PBXGroup;
			children = (
				80F77701BA4143C499EE6FD6 /* libPods-JAReader.a */,
			);
			name = Frameworks;
			sourceTree = "<group>";
		};
/* End PBXGroup section */

/* Begin PBXNativeTarget section */
		96F425861EF2CC00005610C3 /* JAReader */ = {
			isa = PBXNativeTarget;
			buildConfigurationList = 96F4259E1EF2CC00005610C3 /* Build configuration list for PBXNativeTarget "JAReader" */;
			buildPhases = (
				A6C20AF98C8C9F176F587264 /* [CP] Check Pods Manifest.lock */,
				96F425831EF2CC00005610C3 /* Sources */,
				96F425841EF2CC00005610C3 /* Frameworks */,
				96F425851EF2CC00005610C3 /* Resources */,
				B9379AACC0BDD61CBB058EEA /* [CP] Embed Pods Frameworks */,
				182F1DD2D9C818EE16ADF7AC /* [CP] Copy Pods Resources */,
			);
			buildRules = (
			);
			dependencies = (
			);
			name = JAReader;
			productName = JAReader;
			productReference = 96F425871EF2CC00005610C3 /* JAReader.app */;
			productType = "com.apple.product-type.application";
		};
/* End PBXNativeTarget section */

/* Begin PBXProject section */
		96F4257F1EF2CC00005610C3 /* Project object */ = {
			isa = PBXProject;
			attributes = {
				LastUpgradeCheck = 0830;
				ORGANIZATIONNAME = Jason;
				TargetAttributes = {
					96F425861EF2CC00005610C3 = {
						CreatedOnToolsVersion = 8.3.2;
						DevelopmentTeam = ZEY359R7A4;
						ProvisioningStyle = Automatic;
					};
				};
			};
			buildConfigurationList = 96F425821EF2CC00005610C3 /* Build configuration list for PBXProject "JAReader" */;
			compatibilityVersion = "Xcode 3.2";
			developmentRegion = English;
			hasScannedForEncodings = 0;
			knownRegions = (
				en,
				Base,
			);
			mainGroup = 96F4257E1EF2CC00005610C3;
			productRefGroup = 96F425881EF2CC00005610C3 /* Products */;
			projectDirPath = "";
			projectRoot = "";
			targets = (
				96F425861EF2CC00005610C3 /* JAReader */,
			);
		};
/* End PBXProject section */

/* Begin PBXResourcesBuildPhase section */
		96F425851EF2CC00005610C3 /* Resources */ = {
			isa = PBXResourcesBuildPhase;
			buildActionMask = 2147483647;
			files = (
				96F4259A1EF2CC00005610C3 /* LaunchScreen.storyboard in Resources */,
				96F425971EF2CC00005610C3 /* Assets.xcassets in Resources */,
				96F425951EF2CC00005610C3 /* Main.storyboard in Resources */,
			);
			runOnlyForDeploymentPostprocessing = 0;
		};
/* End PBXResourcesBuildPhase section */

/* Begin PBXShellScriptBuildPhase section */
		182F1DD2D9C818EE16ADF7AC /* [CP] Copy Pods Resources */ = {
			isa = PBXShellScriptBuildPhase;
			buildActionMask = 2147483647;
			files = (
			);
			inputPaths = (
			);
			name = "[CP] Copy Pods Resources";
			outputPaths = (
			);
			runOnlyForDeploymentPostprocessing = 0;
			shellPath = /bin/sh;
			shellScript = "\"${SRCROOT}/Pods/Target Support Files/Pods-JAReader/Pods-JAReader-resources.sh\"\n";
			showEnvVarsInLog = 0;
		};
		A6C20AF98C8C9F176F587264 /* [CP] Check Pods Manifest.lock */ = {
			isa = PBXShellScriptBuildPhase;
			buildActionMask = 2147483647;
			files = (
			);
			inputPaths = (
			);
			name = "[CP] Check Pods Manifest.lock";
			outputPaths = (
			);
			runOnlyForDeploymentPostprocessing = 0;
			shellPath = /bin/sh;
			shellScript = "diff \"${PODS_PODFILE_DIR_PATH}/Podfile.lock\" \"${PODS_ROOT}/Manifest.lock\" > /dev/null\nif [ $? != 0 ] ; then\n    # print error to STDERR\n    echo \"error: The sandbox is not in sync with the Podfile.lock. Run 'pod install' or update your CocoaPods installation.\" >&2\n    exit 1\nfi\n";
			showEnvVarsInLog = 0;
		};
		B9379AACC0BDD61CBB058EEA /* [CP] Embed Pods Frameworks */ = {
			isa = PBXShellScriptBuildPhase;
			buildActionMask = 2147483647;
			files = (
			);
			inputPaths = (
			);
			name = "[CP] Embed Pods Frameworks";
			outputPaths = (
			);
			runOnlyForDeploymentPostprocessing = 0;
			shellPath = /bin/sh;
			shellScript = "\"${SRCROOT}/Pods/Target Support Files/Pods-JAReader/Pods-JAReader-frameworks.sh\"\n";
			showEnvVarsInLog = 0;
		};
/* End PBXShellScriptBuildPhase section */

/* Begin PBXSourcesBuildPhase section */
		96F425831EF2CC00005610C3 /* Sources */ = {
			isa = PBXSourcesBuildPhase;
			buildActionMask = 2147483647;
			files = (
				96F2A2511EFD67E800C42B63 /* JAReaderViewController.m in Sources */,
				96F2A2501EFD67E800C42B63 /* JAReaderParser.m in Sources */,
				96F425921EF2CC00005610C3 /* ViewController.m in Sources */,
				96F4258F1EF2CC00005610C3 /* AppDelegate.m in Sources */,
				96F4258C1EF2CC00005610C3 /* main.m in Sources */,
				96F2A24D1EFD67E800C42B63 /* JAReaderConfig.m in Sources */,
				96F2A24E1EFD67E800C42B63 /* JAReaderPageView.m in Sources */,
				96F2A24F1EFD67E800C42B63 /* JAReaderPageViewController.m in Sources */,
			);
			runOnlyForDeploymentPostprocessing = 0;
		};
/* End PBXSourcesBuildPhase section */

/* Begin PBXVariantGroup section */
		96F425931EF2CC00005610C3 /* Main.storyboard */ = {
			isa = PBXVariantGroup;
			children = (
				96F425941EF2CC00005610C3 /* Base */,
			);
			name = Main.storyboard;
			sourceTree = "<group>";
		};
		96F425981EF2CC00005610C3 /* LaunchScreen.storyboard */ = {
			isa = PBXVariantGroup;
			children = (
				96F425991EF2CC00005610C3 /* Base */,
			);
			name = LaunchScreen.storyboard;
			sourceTree = "<group>";
		};
/* End PBXVariantGroup section */

/* Begin XCBuildConfiguration section */
		96F4259C1EF2CC00005610C3 /* Debug */ = {
			isa = XCBuildConfiguration;
			buildSettings = {
				ALWAYS_SEARCH_USER_PATHS = NO;
				CLANG_ANALYZER_NONNULL = YES;
				CLANG_ANALYZER_NUMBER_OBJECT_CONVERSION = YES_AGGRESSIVE;
				CLANG_CXX_LANGUAGE_STANDARD = "gnu++0x";
				CLANG_CXX_LIBRARY = "libc++";
				CLANG_ENABLE_MODULES = YES;
				CLANG_ENABLE_OBJC_ARC = YES;
				CLANG_WARN_BOOL_CONVERSION = YES;
				CLANG_WARN_CONSTANT_CONVERSION = YES;
				CLANG_WARN_DIRECT_OBJC_ISA_USAGE = YES_ERROR;
				CLANG_WARN_DOCUMENTATION_COMMENTS = YES;
				CLANG_WARN_EMPTY_BODY = YES;
				CLANG_WARN_ENUM_CONVERSION = YES;
				CLANG_WARN_INFINITE_RECURSION = YES;
				CLANG_WARN_INT_CONVERSION = YES;
				CLANG_WARN_OBJC_ROOT_CLASS = YES_ERROR;
				CLANG_WARN_SUSPICIOUS_MOVE = YES;
				CLANG_WARN_UNREACHABLE_CODE = YES;
				CLANG_WARN__DUPLICATE_METHOD_MATCH = YES;
				"CODE_SIGN_IDENTITY[sdk=iphoneos*]" = "iPhone Developer";
				COPY_PHASE_STRIP = NO;
				DEBUG_INFORMATION_FORMAT = dwarf;
				ENABLE_STRICT_OBJC_MSGSEND = YES;
				ENABLE_TESTABILITY = YES;
				GCC_C_LANGUAGE_STANDARD = gnu99;
				GCC_DYNAMIC_NO_PIC = NO;
				GCC_NO_COMMON_BLOCKS = YES;
				GCC_OPTIMIZATION_LEVEL = 0;
				GCC_PREPROCESSOR_DEFINITIONS = (
					"DEBUG=1",
					"$(inherited)",
				);
				GCC_WARN_64_TO_32_BIT_CONVERSION = YES;
				GCC_WARN_ABOUT_RETURN_TYPE = YES_ERROR;
				GCC_WARN_UNDECLARED_SELECTOR = YES;
				GCC_WARN_UNINITIALIZED_AUTOS = YES_AGGRESSIVE;
				GCC_WARN_UNUSED_FUNCTION = YES;
				GCC_WARN_UNUSED_VARIABLE = YES;
				IPHONEOS_DEPLOYMENT_TARGET = 10.3;
				MTL_ENABLE_DEBUG_INFO = YES;
				ONLY_ACTIVE_ARCH = YES;
				SDKROOT = iphoneos;
			};
			name = Debug;
		};
		96F4259D1EF2CC00005610C3 /* Release */ = {
			isa = XCBuildConfiguration;
			buildSettings = {
				ALWAYS_SEARCH_USER_PATHS = NO;
				CLANG_ANALYZER_NONNULL = YES;
				CLANG_ANALYZER_NUMBER_OBJECT_CONVERSION = YES_AGGRESSIVE;
				CLANG_CXX_LANGUAGE_STANDARD = "gnu++0x";
				CLANG_CXX_LIBRARY = "libc++";
				CLANG_ENABLE_MODULES = YES;
				CLANG_ENABLE_OBJC_ARC = YES;
				CLANG_WARN_BOOL_CONVERSION = YES;
				CLANG_WARN_CONSTANT_CONVERSION = YES;
				CLANG_WARN_DIRECT_OBJC_ISA_USAGE = YES_ERROR;
				CLANG_WARN_DOCUMENTATION_COMMENTS = YES;
				CLANG_WARN_EMPTY_BODY = YES;
				CLANG_WARN_ENUM_CONVERSION = YES;
				CLANG_WARN_INFINITE_RECURSION = YES;
				CLANG_WARN_INT_CONVERSION = YES;
				CLANG_WARN_OBJC_ROOT_CLASS = YES_ERROR;
				CLANG_WARN_SUSPICIOUS_MOVE = YES;
				CLANG_WARN_UNREACHABLE_CODE = YES;
				CLANG_WARN__DUPLICATE_METHOD_MATCH = YES;
				"CODE_SIGN_IDENTITY[sdk=iphoneos*]" = "iPhone Developer";
				COPY_PHASE_STRIP = NO;
				DEBUG_INFORMATION_FORMAT = "dwarf-with-dsym";
				ENABLE_NS_ASSERTIONS = NO;
				ENABLE_STRICT_OBJC_MSGSEND = YES;
				GCC_C_LANGUAGE_STANDARD = gnu99;
				GCC_NO_COMMON_BLOCKS = YES;
				GCC_WARN_64_TO_32_BIT_CONVERSION = YES;
				GCC_WARN_ABOUT_RETURN_TYPE = YES_ERROR;
				GCC_WARN_UNDECLARED_SELECTOR = YES;
				GCC_WARN_UNINITIALIZED_AUTOS = YES_AGGRESSIVE;
				GCC_WARN_UNUSED_FUNCTION = YES;
				GCC_WARN_UNUSED_VARIABLE = YES;
				IPHONEOS_DEPLOYMENT_TARGET = 10.3;
				MTL_ENABLE_DEBUG_INFO = NO;
				SDKROOT = iphoneos;
				VALIDATE_PRODUCT = YES;
			};
			name = Release;
		};
		96F4259F1EF2CC00005610C3 /* Debug */ = {
			isa = XCBuildConfiguration;
			baseConfigurationReference = 77544448C247719603D5357B /* Pods-JAReader.debug.xcconfig */;
			buildSettings = {
				ASSETCATALOG_COMPILER_APPICON_NAME = AppIcon;
				DEVELOPMENT_TEAM = ZEY359R7A4;
				INFOPLIST_FILE = JAReader/Info.plist;
				IPHONEOS_DEPLOYMENT_TARGET = 8.0;
				LD_RUNPATH_SEARCH_PATHS = "$(inherited) @executable_path/Frameworks";
				PRODUCT_BUNDLE_IDENTIFIER = com.coder.JAReader;
				PRODUCT_NAME = "$(TARGET_NAME)";
			};
			name = Debug;
		};
		96F425A01EF2CC00005610C3 /* Release */ = {
			isa = XCBuildConfiguration;
			baseConfigurationReference = 599BEE1B754708FB1D58BF36 /* Pods-JAReader.release.xcconfig */;
			buildSettings = {
				ASSETCATALOG_COMPILER_APPICON_NAME = AppIcon;
				DEVELOPMENT_TEAM = ZEY359R7A4;
				INFOPLIST_FILE = JAReader/Info.plist;
				IPHONEOS_DEPLOYMENT_TARGET = 8.0;
				LD_RUNPATH_SEARCH_PATHS = "$(inherited) @executable_path/Frameworks";
				PRODUCT_BUNDLE_IDENTIFIER = com.coder.JAReader;
				PRODUCT_NAME = "$(TARGET_NAME)";
			};
			name = Release;
		};
/* End XCBuildConfiguration section */

/* Begin XCConfigurationList section */
		96F425821EF2CC00005610C3 /* Build configuration list for PBXProject "JAReader" */ = {
			isa = XCConfigurationList;
			buildConfigurations = (
				96F4259C1EF2CC00005610C3 /* Debug */,
				96F4259D1EF2CC00005610C3 /* Release */,
			);
			defaultConfigurationIsVisible = 0;
			defaultConfigurationName = Release;
		};
		96F4259E1EF2CC00005610C3 /* Build configuration list for PBXNativeTarget "JAReader" */ = {
			isa = XCConfigurationList;
			buildConfigurations = (
				96F4259F1EF2CC00005610C3 /* Debug */,
				96F425A01EF2CC00005610C3 /* Release */,
			);
			defaultConfigurationIsVisible = 0;
			defaultConfigurationName = Release;
		};
/* End XCConfigurationList section */
	};
	rootObject = 96F4257F1EF2CC00005610C3 /* Project object */;
}
