// !$*UTF8*$!
{
	archiveVersion = 1;
	classes = {
	};
	objectVersion = 46;
	objects = {

/* Begin PBXBuildFile section */
		2E0BD21E36401081FAC84FC7 /* libPods-JAReader.a in Frameworks */ = {isa = PBXBuildFile; fileRef = 80F77701BA4143C499EE6FD6 /* libPods-JAReader.a */; };
		96C37FFC1F031D2F00AB0820 /* MSBookModel.m in Sources */ = {isa = PBXBuildFile; fileRef = 96C37FF71F031D2F00AB0820 /* MSBookModel.m */; };
		96C37FFD1F031D2F00AB0820 /* MSCharterModel.m in Sources */ = {isa = PBXBuildFile; fileRef = 96C37FF91F031D2F00AB0820 /* MSCharterModel.m */; };
		96C37FFE1F031D2F00AB0820 /* MSUserModel.m in Sources */ = {isa = PBXBuildFile; fileRef = 96C37FFB1F031D2F00AB0820 /* MSUserModel.m */; };
		96C380011F031D4600AB0820 /* JAModel.m in Sources */ = {isa = PBXBuildFile; fileRef = 96C380001F031D4600AB0820 /* JAModel.m */; };
		96C3802D1F0325AD00AB0820 /* NSArray+JACoder.m in Sources */ = {isa = PBXBuildFile; fileRef = 96C380061F0325AD00AB0820 /* NSArray+JACoder.m */; };
		96C3802E1F0325AD00AB0820 /* NSBundle+JACoder.m in Sources */ = {isa = PBXBuildFile; fileRef = 96C380081F0325AD00AB0820 /* NSBundle+JACoder.m */; };
		96C3802F1F0325AD00AB0820 /* NSData+JACoder.m in Sources */ = {isa = PBXBuildFile; fileRef = 96C3800A1F0325AD00AB0820 /* NSData+JACoder.m */; };
		96C380301F0325AD00AB0820 /* NSDate+JACoder.m in Sources */ = {isa = PBXBuildFile; fileRef = 96C3800C1F0325AD00AB0820 /* NSDate+JACoder.m */; };
		96C380311F0325AD00AB0820 /* NSDictionary+JACoder.m in Sources */ = {isa = PBXBuildFile; fileRef = 96C3800E1F0325AD00AB0820 /* NSDictionary+JACoder.m */; };
		96C380321F0325AD00AB0820 /* NSFileManager+JACoder.m in Sources */ = {isa = PBXBuildFile; fileRef = 96C380101F0325AD00AB0820 /* NSFileManager+JACoder.m */; };
		96C380331F0325AD00AB0820 /* NSNumber+JACoder.m in Sources */ = {isa = PBXBuildFile; fileRef = 96C380121F0325AD00AB0820 /* NSNumber+JACoder.m */; };
		96C380341F0325AD00AB0820 /* NSObject+JACoder.m in Sources */ = {isa = PBXBuildFile; fileRef = 96C380141F0325AD00AB0820 /* NSObject+JACoder.m */; };
		96C380351F0325AD00AB0820 /* NSString+JACoder.m in Sources */ = {isa = PBXBuildFile; fileRef = 96C380161F0325AD00AB0820 /* NSString+JACoder.m */; };
		96C380361F0325AD00AB0820 /* NSURL+JACoder.m in Sources */ = {isa = PBXBuildFile; fileRef = 96C380181F0325AD00AB0820 /* NSURL+JACoder.m */; };
		96C380371F0325AD00AB0820 /* UIButton+JACoder.m in Sources */ = {isa = PBXBuildFile; fileRef = 96C3801A1F0325AD00AB0820 /* UIButton+JACoder.m */; };
		96C380381F0325AD00AB0820 /* UICollectionView+JACoder.m in Sources */ = {isa = PBXBuildFile; fileRef = 96C3801C1F0325AD00AB0820 /* UICollectionView+JACoder.m */; };
		96C380391F0325AD00AB0820 /* UIColor+JACoder.m in Sources */ = {isa = PBXBuildFile; fileRef = 96C3801E1F0325AD00AB0820 /* UIColor+JACoder.m */; };
		96C3803A1F0325AD00AB0820 /* UIDevice+JACoder.m in Sources */ = {isa = PBXBuildFile; fileRef = 96C380201F0325AD00AB0820 /* UIDevice+JACoder.m */; };
		96C3803B1F0325AD00AB0820 /* UIImage+JACoder.m in Sources */ = {isa = PBXBuildFile; fileRef = 96C380221F0325AD00AB0820 /* UIImage+JACoder.m */; };
		96C3803C1F0325AD00AB0820 /* UINavigationBar+JACoder.m in Sources */ = {isa = PBXBuildFile; fileRef = 96C380241F0325AD00AB0820 /* UINavigationBar+JACoder.m */; };
		96C3803D1F0325AD00AB0820 /* UINavigationController+JACoder.m in Sources */ = {isa = PBXBuildFile; fileRef = 96C380261F0325AD00AB0820 /* UINavigationController+JACoder.m */; };
		96C3803E1F0325AD00AB0820 /* UIScreen+JACoder.m in Sources */ = {isa = PBXBuildFile; fileRef = 96C380281F0325AD00AB0820 /* UIScreen+JACoder.m */; };
		96C3803F1F0325AD00AB0820 /* UITableView+JACoder.m in Sources */ = {isa = PBXBuildFile; fileRef = 96C3802A1F0325AD00AB0820 /* UITableView+JACoder.m */; };
		96C380401F0325AD00AB0820 /* UIView+JACoder.m in Sources */ = {isa = PBXBuildFile; fileRef = 96C3802C1F0325AD00AB0820 /* UIView+JACoder.m */; };
		96C3804E1F03289700AB0820 /* JANetworkAFTask.m in Sources */ = {isa = PBXBuildFile; fileRef = 96C380441F03289700AB0820 /* JANetworkAFTask.m */; };
		96C3804F1F03289700AB0820 /* JANetworkMBHud.m in Sources */ = {isa = PBXBuildFile; fileRef = 96C380461F03289700AB0820 /* JANetworkMBHud.m */; };
		96C380501F03289700AB0820 /* JANetworkHud.m in Sources */ = {isa = PBXBuildFile; fileRef = 96C380491F03289700AB0820 /* JANetworkHud.m */; };
		96C380511F03289700AB0820 /* JANetworkTask.m in Sources */ = {isa = PBXBuildFile; fileRef = 96C3804B1F03289700AB0820 /* JANetworkTask.m */; };
		96C380521F03289700AB0820 /* JANetworkManager.m in Sources */ = {isa = PBXBuildFile; fileRef = 96C3804D1F03289700AB0820 /* JANetworkManager.m */; };
		96C380551F03294100AB0820 /* MSNetworkManager.m in Sources */ = {isa = PBXBuildFile; fileRef = 96C380541F03294100AB0820 /* MSNetworkManager.m */; };
		96C380791F04757900AB0820 /* MSRecordModel.m in Sources */ = {isa = PBXBuildFile; fileRef = 96C380781F04757900AB0820 /* MSRecordModel.m */; };
		96F2A24D1EFD67E800C42B63 /* JAReaderConfig.m in Sources */ = {isa = PBXBuildFile; fileRef = 96F2A2441EFD67E800C42B63 /* JAReaderConfig.m */; };
		96F2A24E1EFD67E800C42B63 /* JAReaderPageView.m in Sources */ = {isa = PBXBuildFile; fileRef = 96F2A2461EFD67E800C42B63 /* JAReaderPageView.m */; };
		96F2A24F1EFD67E800C42B63 /* JAReaderPageViewController.m in Sources */ = {isa = PBXBuildFile; fileRef = 96F2A2481EFD67E800C42B63 /* JAReaderPageViewController.m */; };
		96F2A2501EFD67E800C42B63 /* JAReaderParser.m in Sources */ = {isa = PBXBuildFile; fileRef = 96F2A24A1EFD67E800C42B63 /* JAReaderParser.m */; };
		96F2A2511EFD67E800C42B63 /* JAReaderViewController.m in Sources */ = {isa = PBXBuildFile; fileRef = 96F2A24C1EFD67E800C42B63 /* JAReaderViewController.m */; };
		96F4258C1EF2CC00005610C3 /* main.m in Sources */ = {isa = PBXBuildFile; fileRef = 96F4258B1EF2CC00005610C3 /* main.m */; };
		96F4258F1EF2CC00005610C3 /* AppDelegate.m in Sources */ = {isa = PBXBuildFile; fileRef = 96F4258E1EF2CC00005610C3 /* AppDelegate.m */; };
		96F425921EF2CC00005610C3 /* ViewController.m in Sources */ = {isa = PBXBuildFile; fileRef = 96F425911EF2CC00005610C3 /* ViewController.m */; };
		96F425951EF2CC00005610C3 /* Main.storyboard in Resources */ = {isa = PBXBuildFile; fileRef = 96F425931EF2CC00005610C3 /* Main.storyboard */; };
		96F425971EF2CC00005610C3 /* Assets.xcassets in Resources */ = {isa = PBXBuildFile; fileRef = 96F425961EF2CC00005610C3 /* Assets.xcassets */; };
		96F4259A1EF2CC00005610C3 /* LaunchScreen.storyboard in Resources */ = {isa = PBXBuildFile; fileRef = 96F425981EF2CC00005610C3 /* LaunchScreen.storyboard */; };
/* End PBXBuildFile section */

/* Begin PBXFileReference section */
		599BEE1B754708FB1D58BF36 /* Pods-JAReader.release.xcconfig */ = {isa = PBXFileReference; includeInIndex = 1; lastKnownFileType = text.xcconfig; name = "Pods-JAReader.release.xcconfig"; path = "Pods/Target Support Files/Pods-JAReader/Pods-JAReader.release.xcconfig"; sourceTree = "<group>"; };
		77544448C247719603D5357B /* Pods-JAReader.debug.xcconfig */ = {isa = PBXFileReference; includeInIndex = 1; lastKnownFileType = text.xcconfig; name = "Pods-JAReader.debug.xcconfig"; path = "Pods/Target Support Files/Pods-JAReader/Pods-JAReader.debug.xcconfig"; sourceTree = "<group>"; };
		80F77701BA4143C499EE6FD6 /* libPods-JAReader.a */ = {isa = PBXFileReference; explicitFileType = archive.ar; includeInIndex = 0; path = "libPods-JAReader.a"; sourceTree = BUILT_PRODUCTS_DIR; };
		96C37FF61F031D2F00AB0820 /* MSBookModel.h */ = {isa = PBXFileReference; fileEncoding = 4; lastKnownFileType = sourcecode.c.h; name = MSBookModel.h; path = ../MSBookModel.h; sourceTree = "<group>"; };
		96C37FF71F031D2F00AB0820 /* MSBookModel.m */ = {isa = PBXFileReference; fileEncoding = 4; lastKnownFileType = sourcecode.c.objc; name = MSBookModel.m; path = ../MSBookModel.m; sourceTree = "<group>"; };
		96C37FF81F031D2F00AB0820 /* MSCharterModel.h */ = {isa = PBXFileReference; fileEncoding = 4; lastKnownFileType = sourcecode.c.h; name = MSCharterModel.h; path = ../MSCharterModel.h; sourceTree = "<group>"; };
		96C37FF91F031D2F00AB0820 /* MSCharterModel.m */ = {isa = PBXFileReference; fileEncoding = 4; lastKnownFileType = sourcecode.c.objc; name = MSCharterModel.m; path = ../MSCharterModel.m; sourceTree = "<group>"; };
		96C37FFA1F031D2F00AB0820 /* MSUserModel.h */ = {isa = PBXFileReference; fileEncoding = 4; lastKnownFileType = sourcecode.c.h; name = MSUserModel.h; path = ../MSUserModel.h; sourceTree = "<group>"; };
		96C37FFB1F031D2F00AB0820 /* MSUserModel.m */ = {isa = PBXFileReference; fileEncoding = 4; lastKnownFileType = sourcecode.c.objc; name = MSUserModel.m; path = ../MSUserModel.m; sourceTree = "<group>"; };
		96C37FFF1F031D4600AB0820 /* JAModel.h */ = {isa = PBXFileReference; fileEncoding = 4; lastKnownFileType = sourcecode.c.h; name = JAModel.h; path = ../JAModel.h; sourceTree = "<group>"; };
		96C380001F031D4600AB0820 /* JAModel.m */ = {isa = PBXFileReference; fileEncoding = 4; lastKnownFileType = sourcecode.c.objc; name = JAModel.m; path = ../JAModel.m; sourceTree = "<group>"; };
		96C380041F0325AD00AB0820 /* JACategory.h */ = {isa = PBXFileReference; fileEncoding = 4; lastKnownFileType = sourcecode.c.h; path = JACategory.h; sourceTree = "<group>"; };
		96C380051F0325AD00AB0820 /* NSArray+JACoder.h */ = {isa = PBXFileReference; fileEncoding = 4; lastKnownFileType = sourcecode.c.h; path = "NSArray+JACoder.h"; sourceTree = "<group>"; };
		96C380061F0325AD00AB0820 /* NSArray+JACoder.m */ = {isa = PBXFileReference; fileEncoding = 4; lastKnownFileType = sourcecode.c.objc; path = "NSArray+JACoder.m"; sourceTree = "<group>"; };
		96C380071F0325AD00AB0820 /* NSBundle+JACoder.h */ = {isa = PBXFileReference; fileEncoding = 4; lastKnownFileType = sourcecode.c.h; path = "NSBundle+JACoder.h"; sourceTree = "<group>"; };
		96C380081F0325AD00AB0820 /* NSBundle+JACoder.m */ = {isa = PBXFileReference; fileEncoding = 4; lastKnownFileType = sourcecode.c.objc; path = "NSBundle+JACoder.m"; sourceTree = "<group>"; };
		96C380091F0325AD00AB0820 /* NSData+JACoder.h */ = {isa = PBXFileReference; fileEncoding = 4; lastKnownFileType = sourcecode.c.h; path = "NSData+JACoder.h"; sourceTree = "<group>"; };
		96C3800A1F0325AD00AB0820 /* NSData+JACoder.m */ = {isa = PBXFileReference; fileEncoding = 4; lastKnownFileType = sourcecode.c.objc; path = "NSData+JACoder.m"; sourceTree = "<group>"; };
		96C3800B1F0325AD00AB0820 /* NSDate+JACoder.h */ = {isa = PBXFileReference; fileEncoding = 4; lastKnownFileType = sourcecode.c.h; path = "NSDate+JACoder.h"; sourceTree = "<group>"; };
		96C3800C1F0325AD00AB0820 /* NSDate+JACoder.m */ = {isa = PBXFileReference; fileEncoding = 4; lastKnownFileType = sourcecode.c.objc; path = "NSDate+JACoder.m"; sourceTree = "<group>"; };
		96C3800D1F0325AD00AB0820 /* NSDictionary+JACoder.h */ = {isa = PBXFileReference; fileEncoding = 4; lastKnownFileType = sourcecode.c.h; path = "NSDictionary+JACoder.h"; sourceTree = "<group>"; };
		96C3800E1F0325AD00AB0820 /* NSDictionary+JACoder.m */ = {isa = PBXFileReference; fileEncoding = 4; lastKnownFileType = sourcecode.c.objc; path = "NSDictionary+JACoder.m"; sourceTree = "<group>"; };
		96C3800F1F0325AD00AB0820 /* NSFileManager+JACoder.h */ = {isa = PBXFileReference; fileEncoding = 4; lastKnownFileType = sourcecode.c.h; path = "NSFileManager+JACoder.h"; sourceTree = "<group>"; };
		96C380101F0325AD00AB0820 /* NSFileManager+JACoder.m */ = {isa = PBXFileReference; fileEncoding = 4; lastKnownFileType = sourcecode.c.objc; path = "NSFileManager+JACoder.m"; sourceTree = "<group>"; };
		96C380111F0325AD00AB0820 /* NSNumber+JACoder.h */ = {isa = PBXFileReference; fileEncoding = 4; lastKnownFileType = sourcecode.c.h; path = "NSNumber+JACoder.h"; sourceTree = "<group>"; };
		96C380121F0325AD00AB0820 /* NSNumber+JACoder.m */ = {isa = PBXFileReference; fileEncoding = 4; lastKnownFileType = sourcecode.c.objc; path = "NSNumber+JACoder.m"; sourceTree = "<group>"; };
		96C380131F0325AD00AB0820 /* NSObject+JACoder.h */ = {isa = PBXFileReference; fileEncoding = 4; lastKnownFileType = sourcecode.c.h; path = "NSObject+JACoder.h"; sourceTree = "<group>"; };
		96C380141F0325AD00AB0820 /* NSObject+JACoder.m */ = {isa = PBXFileReference; fileEncoding = 4; lastKnownFileType = sourcecode.c.objc; path = "NSObject+JACoder.m"; sourceTree = "<group>"; };
		96C380151F0325AD00AB0820 /* NSString+JACoder.h */ = {isa = PBXFileReference; fileEncoding = 4; lastKnownFileType = sourcecode.c.h; path = "NSString+JACoder.h"; sourceTree = "<group>"; };
		96C380161F0325AD00AB0820 /* NSString+JACoder.m */ = {isa = PBXFileReference; fileEncoding = 4; lastKnownFileType = sourcecode.c.objc; path = "NSString+JACoder.m"; sourceTree = "<group>"; };
		96C380171F0325AD00AB0820 /* NSURL+JACoder.h */ = {isa = PBXFileReference; fileEncoding = 4; lastKnownFileType = sourcecode.c.h; path = "NSURL+JACoder.h"; sourceTree = "<group>"; };
		96C380181F0325AD00AB0820 /* NSURL+JACoder.m */ = {isa = PBXFileReference; fileEncoding = 4; lastKnownFileType = sourcecode.c.objc; path = "NSURL+JACoder.m"; sourceTree = "<group>"; };
		96C380191F0325AD00AB0820 /* UIButton+JACoder.h */ = {isa = PBXFileReference; fileEncoding = 4; lastKnownFileType = sourcecode.c.h; path = "UIButton+JACoder.h"; sourceTree = "<group>"; };
		96C3801A1F0325AD00AB0820 /* UIButton+JACoder.m */ = {isa = PBXFileReference; fileEncoding = 4; lastKnownFileType = sourcecode.c.objc; path = "UIButton+JACoder.m"; sourceTree = "<group>"; };
		96C3801B1F0325AD00AB0820 /* UICollectionView+JACoder.h */ = {isa = PBXFileReference; fileEncoding = 4; lastKnownFileType = sourcecode.c.h; path = "UICollectionView+JACoder.h"; sourceTree = "<group>"; };
		96C3801C1F0325AD00AB0820 /* UICollectionView+JACoder.m */ = {isa = PBXFileReference; fileEncoding = 4; lastKnownFileType = sourcecode.c.objc; path = "UICollectionView+JACoder.m"; sourceTree = "<group>"; };
		96C3801D1F0325AD00AB0820 /* UIColor+JACoder.h */ = {isa = PBXFileReference; fileEncoding = 4; lastKnownFileType = sourcecode.c.h; path = "UIColor+JACoder.h"; sourceTree = "<group>"; };
		96C3801E1F0325AD00AB0820 /* UIColor+JACoder.m */ = {isa = PBXFileReference; fileEncoding = 4; lastKnownFileType = sourcecode.c.objc; path = "UIColor+JACoder.m"; sourceTree = "<group>"; };
		96C3801F1F0325AD00AB0820 /* UIDevice+JACoder.h */ = {isa = PBXFileReference; fileEncoding = 4; lastKnownFileType = sourcecode.c.h; path = "UIDevice+JACoder.h"; sourceTree = "<group>"; };
		96C380201F0325AD00AB0820 /* UIDevice+JACoder.m */ = {isa = PBXFileReference; fileEncoding = 4; lastKnownFileType = sourcecode.c.objc; path = "UIDevice+JACoder.m"; sourceTree = "<group>"; };
		96C380211F0325AD00AB0820 /* UIImage+JACoder.h */ = {isa = PBXFileReference; fileEncoding = 4; lastKnownFileType = sourcecode.c.h; path = "UIImage+JACoder.h"; sourceTree = "<group>"; };
		96C380221F0325AD00AB0820 /* UIImage+JACoder.m */ = {isa = PBXFileReference; fileEncoding = 4; lastKnownFileType = sourcecode.c.objc; path = "UIImage+JACoder.m"; sourceTree = "<group>"; };
		96C380231F0325AD00AB0820 /* UINavigationBar+JACoder.h */ = {isa = PBXFileReference; fileEncoding = 4; lastKnownFileType = sourcecode.c.h; path = "UINavigationBar+JACoder.h"; sourceTree = "<group>"; };
		96C380241F0325AD00AB0820 /* UINavigationBar+JACoder.m */ = {isa = PBXFileReference; fileEncoding = 4; lastKnownFileType = sourcecode.c.objc; path = "UINavigationBar+JACoder.m"; sourceTree = "<group>"; };
		96C380251F0325AD00AB0820 /* UINavigationController+JACoder.h */ = {isa = PBXFileReference; fileEncoding = 4; lastKnownFileType = sourcecode.c.h; path = "UINavigationController+JACoder.h"; sourceTree = "<group>"; };
		96C380261F0325AD00AB0820 /* UINavigationController+JACoder.m */ = {isa = PBXFileReference; fileEncoding = 4; lastKnownFileType = sourcecode.c.objc; path = "UINavigationController+JACoder.m"; sourceTree = "<group>"; };
		96C380271F0325AD00AB0820 /* UIScreen+JACoder.h */ = {isa = PBXFileReference; fileEncoding = 4; lastKnownFileType = sourcecode.c.h; path = "UIScreen+JACoder.h"; sourceTree = "<group>"; };
		96C380281F0325AD00AB0820 /* UIScreen+JACoder.m */ = {isa = PBXFileReference; fileEncoding = 4; lastKnownFileType = sourcecode.c.objc; path = "UIScreen+JACoder.m"; sourceTree = "<group>"; };
		96C380291F0325AD00AB0820 /* UITableView+JACoder.h */ = {isa = PBXFileReference; fileEncoding = 4; lastKnownFileType = sourcecode.c.h; path = "UITableView+JACoder.h"; sourceTree = "<group>"; };
		96C3802A1F0325AD00AB0820 /* UITableView+JACoder.m */ = {isa = PBXFileReference; fileEncoding = 4; lastKnownFileType = sourcecode.c.objc; path = "UITableView+JACoder.m"; sourceTree = "<group>"; };
		96C3802B1F0325AD00AB0820 /* UIView+JACoder.h */ = {isa = PBXFileReference; fileEncoding = 4; lastKnownFileType = sourcecode.c.h; path = "UIView+JACoder.h"; sourceTree = "<group>"; };
		96C3802C1F0325AD00AB0820 /* UIView+JACoder.m */ = {isa = PBXFileReference; fileEncoding = 4; lastKnownFileType = sourcecode.c.objc; path = "UIView+JACoder.m"; sourceTree = "<group>"; };
		96C380431F03289700AB0820 /* JANetworkAFTask.h */ = {isa = PBXFileReference; fileEncoding = 4; lastKnownFileType = sourcecode.c.h; path = JANetworkAFTask.h; sourceTree = "<group>"; };
		96C380441F03289700AB0820 /* JANetworkAFTask.m */ = {isa = PBXFileReference; fileEncoding = 4; lastKnownFileType = sourcecode.c.objc; path = JANetworkAFTask.m; sourceTree = "<group>"; };
		96C380451F03289700AB0820 /* JANetworkMBHud.h */ = {isa = PBXFileReference; fileEncoding = 4; lastKnownFileType = sourcecode.c.h; path = JANetworkMBHud.h; sourceTree = "<group>"; };
		96C380461F03289700AB0820 /* JANetworkMBHud.m */ = {isa = PBXFileReference; fileEncoding = 4; lastKnownFileType = sourcecode.c.objc; path = JANetworkMBHud.m; sourceTree = "<group>"; };
		96C380481F03289700AB0820 /* JANetworkHud.h */ = {isa = PBXFileReference; fileEncoding = 4; lastKnownFileType = sourcecode.c.h; path = JANetworkHud.h; sourceTree = "<group>"; };
		96C380491F03289700AB0820 /* JANetworkHud.m */ = {isa = PBXFileReference; fileEncoding = 4; lastKnownFileType = sourcecode.c.objc; path = JANetworkHud.m; sourceTree = "<group>"; };
		96C3804A1F03289700AB0820 /* JANetworkTask.h */ = {isa = PBXFileReference; fileEncoding = 4; lastKnownFileType = sourcecode.c.h; path = JANetworkTask.h; sourceTree = "<group>"; };
		96C3804B1F03289700AB0820 /* JANetworkTask.m */ = {isa = PBXFileReference; fileEncoding = 4; lastKnownFileType = sourcecode.c.objc; path = JANetworkTask.m; sourceTree = "<group>"; };
		96C3804C1F03289700AB0820 /* JANetworkManager.h */ = {isa = PBXFileReference; fileEncoding = 4; lastKnownFileType = sourcecode.c.h; path = JANetworkManager.h; sourceTree = "<group>"; };
		96C3804D1F03289700AB0820 /* JANetworkManager.m */ = {isa = PBXFileReference; fileEncoding = 4; lastKnownFileType = sourcecode.c.objc; path = JANetworkManager.m; sourceTree = "<group>"; };
		96C380531F03294100AB0820 /* MSNetworkManager.h */ = {isa = PBXFileReference; fileEncoding = 4; lastKnownFileType = sourcecode.c.h; path = MSNetworkManager.h; sourceTree = "<group>"; };
		96C380541F03294100AB0820 /* MSNetworkManager.m */ = {isa = PBXFileReference; fileEncoding = 4; lastKnownFileType = sourcecode.c.objc; path = MSNetworkManager.m; sourceTree = "<group>"; };
		96C380771F04757900AB0820 /* MSRecordModel.h */ = {isa = PBXFileReference; fileEncoding = 4; lastKnownFileType = sourcecode.c.h; path = MSRecordModel.h; sourceTree = "<group>"; };
		96C380781F04757900AB0820 /* MSRecordModel.m */ = {isa = PBXFileReference; fileEncoding = 4; lastKnownFileType = sourcecode.c.objc; path = MSRecordModel.m; sourceTree = "<group>"; };
		96F2A2431EFD67E800C42B63 /* JAReaderConfig.h */ = {isa = PBXFileReference; fileEncoding = 4; lastKnownFileType = sourcecode.c.h; path = JAReaderConfig.h; sourceTree = "<group>"; };
		96F2A2441EFD67E800C42B63 /* JAReaderConfig.m */ = {isa = PBXFileReference; fileEncoding = 4; lastKnownFileType = sourcecode.c.objc; path = JAReaderConfig.m; sourceTree = "<group>"; };
		96F2A2451EFD67E800C42B63 /* JAReaderPageView.h */ = {isa = PBXFileReference; fileEncoding = 4; lastKnownFileType = sourcecode.c.h; path = JAReaderPageView.h; sourceTree = "<group>"; };
		96F2A2461EFD67E800C42B63 /* JAReaderPageView.m */ = {isa = PBXFileReference; fileEncoding = 4; lastKnownFileType = sourcecode.c.objc; path = JAReaderPageView.m; sourceTree = "<group>"; };
		96F2A2471EFD67E800C42B63 /* JAReaderPageViewController.h */ = {isa = PBXFileReference; fileEncoding = 4; lastKnownFileType = sourcecode.c.h; path = JAReaderPageViewController.h; sourceTree = "<group>"; };
		96F2A2481EFD67E800C42B63 /* JAReaderPageViewController.m */ = {isa = PBXFileReference; fileEncoding = 4; lastKnownFileType = sourcecode.c.objc; path = JAReaderPageViewController.m; sourceTree = "<group>"; };
		96F2A2491EFD67E800C42B63 /* JAReaderParser.h */ = {isa = PBXFileReference; fileEncoding = 4; lastKnownFileType = sourcecode.c.h; path = JAReaderParser.h; sourceTree = "<group>"; };
		96F2A24A1EFD67E800C42B63 /* JAReaderParser.m */ = {isa = PBXFileReference; fileEncoding = 4; lastKnownFileType = sourcecode.c.objc; path = JAReaderParser.m; sourceTree = "<group>"; };
		96F2A24B1EFD67E800C42B63 /* JAReaderViewController.h */ = {isa = PBXFileReference; fileEncoding = 4; lastKnownFileType = sourcecode.c.h; path = JAReaderViewController.h; sourceTree = "<group>"; };
		96F2A24C1EFD67E800C42B63 /* JAReaderViewController.m */ = {isa = PBXFileReference; fileEncoding = 4; lastKnownFileType = sourcecode.c.objc; path = JAReaderViewController.m; sourceTree = "<group>"; };
		96F425871EF2CC00005610C3 /* JAReader.app */ = {isa = PBXFileReference; explicitFileType = wrapper.application; includeInIndex = 0; path = JAReader.app; sourceTree = BUILT_PRODUCTS_DIR; };
		96F4258B1EF2CC00005610C3 /* main.m */ = {isa = PBXFileReference; lastKnownFileType = sourcecode.c.objc; path = main.m; sourceTree = "<group>"; };
		96F4258D1EF2CC00005610C3 /* AppDelegate.h */ = {isa = PBXFileReference; lastKnownFileType = sourcecode.c.h; path = AppDelegate.h; sourceTree = "<group>"; };
		96F4258E1EF2CC00005610C3 /* AppDelegate.m */ = {isa = PBXFileReference; lastKnownFileType = sourcecode.c.objc; path = AppDelegate.m; sourceTree = "<group>"; };
		96F425901EF2CC00005610C3 /* ViewController.h */ = {isa = PBXFileReference; lastKnownFileType = sourcecode.c.h; path = ViewController.h; sourceTree = "<group>"; };
		96F425911EF2CC00005610C3 /* ViewController.m */ = {isa = PBXFileReference; lastKnownFileType = sourcecode.c.objc; path = ViewController.m; sourceTree = "<group>"; };
		96F425941EF2CC00005610C3 /* Base */ = {isa = PBXFileReference; lastKnownFileType = file.storyboard; name = Base; path = Base.lproj/Main.storyboard; sourceTree = "<group>"; };
		96F425961EF2CC00005610C3 /* Assets.xcassets */ = {isa = PBXFileReference; lastKnownFileType = folder.assetcatalog; path = Assets.xcassets; sourceTree = "<group>"; };
		96F425991EF2CC00005610C3 /* Base */ = {isa = PBXFileReference; lastKnownFileType = file.storyboard; name = Base; path = Base.lproj/LaunchScreen.storyboard; sourceTree = "<group>"; };
		96F4259B1EF2CC00005610C3 /* Info.plist */ = {isa = PBXFileReference; lastKnownFileType = text.plist.xml; path = Info.plist; sourceTree = "<group>"; };
/* End PBXFileReference section */

/* Begin PBXFrameworksBuildPhase section */
		96F425841EF2CC00005610C3 /* Frameworks */ = {
			isa = PBXFrameworksBuildPhase;
			buildActionMask = 2147483647;
			files = (
				2E0BD21E36401081FAC84FC7 /* libPods-JAReader.a in Frameworks */,
			);
			runOnlyForDeploymentPostprocessing = 0;
		};
/* End PBXFrameworksBuildPhase section */

/* Begin PBXGroup section */
		96816A841EF423C200E1F38D /* Reader */ = {
			isa = PBXGroup;
			children = (
				96F2A2471EFD67E800C42B63 /* JAReaderPageViewController.h */,
				96F2A2481EFD67E800C42B63 /* JAReaderPageViewController.m */,
				96F2A24B1EFD67E800C42B63 /* JAReaderViewController.h */,
				96F2A24C1EFD67E800C42B63 /* JAReaderViewController.m */,
				96F2A2431EFD67E800C42B63 /* JAReaderConfig.h */,
				96F2A2441EFD67E800C42B63 /* JAReaderConfig.m */,
				96F2A2451EFD67E800C42B63 /* JAReaderPageView.h */,
				96F2A2461EFD67E800C42B63 /* JAReaderPageView.m */,
				96F2A2491EFD67E800C42B63 /* JAReaderParser.h */,
				96F2A24A1EFD67E800C42B63 /* JAReaderParser.m */,
				96C380021F031DED00AB0820 /* Model */,
			);
			path = Reader;
			sourceTree = "<group>";
		};
		96C380021F031DED00AB0820 /* Model */ = {
			isa = PBXGroup;
			children = (
				96C37FFF1F031D4600AB0820 /* JAModel.h */,
				96C380001F031D4600AB0820 /* JAModel.m */,
				96C37FF61F031D2F00AB0820 /* MSBookModel.h */,
				96C37FF71F031D2F00AB0820 /* MSBookModel.m */,
				96C37FF81F031D2F00AB0820 /* MSCharterModel.h */,
				96C37FF91F031D2F00AB0820 /* MSCharterModel.m */,
				96C37FFA1F031D2F00AB0820 /* MSUserModel.h */,
				96C37FFB1F031D2F00AB0820 /* MSUserModel.m */,
				96C380771F04757900AB0820 /* MSRecordModel.h */,
				96C380781F04757900AB0820 /* MSRecordModel.m */,
			);
			name = Model;
			sourceTree = "<group>";
		};
		96C380031F0325AD00AB0820 /* Category */ = {
			isa = PBXGroup;
			children = (
				96C380041F0325AD00AB0820 /* JACategory.h */,
				96C380051F0325AD00AB0820 /* NSArray+JACoder.h */,
				96C380061F0325AD00AB0820 /* NSArray+JACoder.m */,
				96C380071F0325AD00AB0820 /* NSBundle+JACoder.h */,
				96C380081F0325AD00AB0820 /* NSBundle+JACoder.m */,
				96C380091F0325AD00AB0820 /* NSData+JACoder.h */,
				96C3800A1F0325AD00AB0820 /* NSData+JACoder.m */,
				96C3800B1F0325AD00AB0820 /* NSDate+JACoder.h */,
				96C3800C1F0325AD00AB0820 /* NSDate+JACoder.m */,
				96C3800D1F0325AD00AB0820 /* NSDictionary+JACoder.h */,
				96C3800E1F0325AD00AB0820 /* NSDictionary+JACoder.m */,
				96C3800F1F0325AD00AB0820 /* NSFileManager+JACoder.h */,
				96C380101F0325AD00AB0820 /* NSFileManager+JACoder.m */,
				96C380111F0325AD00AB0820 /* NSNumber+JACoder.h */,
				96C380121F0325AD00AB0820 /* NSNumber+JACoder.m */,
				96C380131F0325AD00AB0820 /* NSObject+JACoder.h */,
				96C380141F0325AD00AB0820 /* NSObject+JACoder.m */,
				96C380151F0325AD00AB0820 /* NSString+JACoder.h */,
				96C380161F0325AD00AB0820 /* NSString+JACoder.m */,
				96C380171F0325AD00AB0820 /* NSURL+JACoder.h */,
				96C380181F0325AD00AB0820 /* NSURL+JACoder.m */,
				96C380191F0325AD00AB0820 /* UIButton+JACoder.h */,
				96C3801A1F0325AD00AB0820 /* UIButton+JACoder.m */,
				96C3801B1F0325AD00AB0820 /* UICollectionView+JACoder.h */,
				96C3801C1F0325AD00AB0820 /* UICollectionView+JACoder.m */,
				96C3801D1F0325AD00AB0820 /* UIColor+JACoder.h */,
				96C3801E1F0325AD00AB0820 /* UIColor+JACoder.m */,
				96C3801F1F0325AD00AB0820 /* UIDevice+JACoder.h */,
				96C380201F0325AD00AB0820 /* UIDevice+JACoder.m */,
				96C380211F0325AD00AB0820 /* UIImage+JACoder.h */,
				96C380221F0325AD00AB0820 /* UIImage+JACoder.m */,
				96C380231F0325AD00AB0820 /* UINavigationBar+JACoder.h */,
				96C380241F0325AD00AB0820 /* UINavigationBar+JACoder.m */,
				96C380251F0325AD00AB0820 /* UINavigationController+JACoder.h */,
				96C380261F0325AD00AB0820 /* UINavigationController+JACoder.m */,
				96C380271F0325AD00AB0820 /* UIScreen+JACoder.h */,
				96C380281F0325AD00AB0820 /* UIScreen+JACoder.m */,
				96C380291F0325AD00AB0820 /* UITableView+JACoder.h */,
				96C3802A1F0325AD00AB0820 /* UITableView+JACoder.m */,
				96C3802B1F0325AD00AB0820 /* UIView+JACoder.h */,
				96C3802C1F0325AD00AB0820 /* UIView+JACoder.m */,
			);
			path = Category;
			sourceTree = "<group>";
		};
		96C380411F03289700AB0820 /* Network */ = {
			isa = PBXGroup;
			children = (
				96C380421F03289700AB0820 /* Impl */,
				96C380471F03289700AB0820 /* Interface */,
				96C3804C1F03289700AB0820 /* JANetworkManager.h */,
				96C3804D1F03289700AB0820 /* JANetworkManager.m */,
			);
			path = Network;
			sourceTree = "<group>";
		};
		96C380421F03289700AB0820 /* Impl */ = {
			isa = PBXGroup;
			children = (
				96C380431F03289700AB0820 /* JANetworkAFTask.h */,
				96C380441F03289700AB0820 /* JANetworkAFTask.m */,
				96C380451F03289700AB0820 /* JANetworkMBHud.h */,
				96C380461F03289700AB0820 /* JANetworkMBHud.m */,
			);
			path = Impl;
			sourceTree = "<group>";
		};
		96C380471F03289700AB0820 /* Interface */ = {
			isa = PBXGroup;
			children = (
				96C380481F03289700AB0820 /* JANetworkHud.h */,
				96C380491F03289700AB0820 /* JANetworkHud.m */,
				96C3804A1F03289700AB0820 /* JANetworkTask.h */,
				96C3804B1F03289700AB0820 /* JANetworkTask.m */,
			);
			path = Interface;
			sourceTree = "<group>";
		};
		96F4257E1EF2CC00005610C3 = {
			isa = PBXGroup;
			children = (
				96F425891EF2CC00005610C3 /* JAReader */,
				96F425881EF2CC00005610C3 /* Products */,
				B10D4D1E49CEFDB72F49A800 /* Pods */,
				E87158A342830DCC75EF9E79 /* Frameworks */,
			);
			sourceTree = "<group>";
		};
		96F425881EF2CC00005610C3 /* Products */ = {
			isa = PBXGroup;
			children = (
				96F425871EF2CC00005610C3 /* JAReader.app */,
			);
			name = Products;
			sourceTree = "<group>";
		};
		96F425891EF2CC00005610C3 /* JAReader */ = {
			isa = PBXGroup;
			children = (
				96C380531F03294100AB0820 /* MSNetworkManager.h */,
				96C380541F03294100AB0820 /* MSNetworkManager.m */,
				96C380411F03289700AB0820 /* Network */,
				96C380031F0325AD00AB0820 /* Category */,
				96816A841EF423C200E1F38D /* Reader */,
				96F4258D1EF2CC00005610C3 /* AppDelegate.h */,
				96F4258E1EF2CC00005610C3 /* AppDelegate.m */,
				96F425901EF2CC00005610C3 /* ViewController.h */,
				96F425911EF2CC00005610C3 /* ViewController.m */,
				96F4258A1EF2CC00005610C3 /* Supporting Files */,
			);
			path = JAReader;
			sourceTree = "<group>";
		};
		96F4258A1EF2CC00005610C3 /* Supporting Files */ = {
			isa = PBXGroup;
			children = (
				96F425931EF2CC00005610C3 /* Main.storyboard */,
				96F425961EF2CC00005610C3 /* Assets.xcassets */,
				96F425981EF2CC00005610C3 /* LaunchScreen.storyboard */,
				96F4259B1EF2CC00005610C3 /* Info.plist */,
				96F4258B1EF2CC00005610C3 /* main.m */,
			);
			name = "Supporting Files";
			sourceTree = "<group>";
		};
		B10D4D1E49CEFDB72F49A800 /* Pods */ = {
			isa = PBXGroup;
			children = (
				77544448C247719603D5357B /* Pods-JAReader.debug.xcconfig */,
				599BEE1B754708FB1D58BF36 /* Pods-JAReader.release.xcconfig */,
			);
			name = Pods;
			sourceTree = "<group>";
		};
		E87158A342830DCC75EF9E79 /* Frameworks */ = {
			isa = PBXGroup;
			children = (
				80F77701BA4143C499EE6FD6 /* libPods-JAReader.a */,
			);
			name = Frameworks;
			sourceTree = "<group>";
		};
/* End PBXGroup section */

/* Begin PBXNativeTarget section */
		96F425861EF2CC00005610C3 /* JAReader */ = {
			isa = PBXNativeTarget;
			buildConfigurationList = 96F4259E1EF2CC00005610C3 /* Build configuration list for PBXNativeTarget "JAReader" */;
			buildPhases = (
				A6C20AF98C8C9F176F587264 /* [CP] Check Pods Manifest.lock */,
				96F425831EF2CC00005610C3 /* Sources */,
				96F425841EF2CC00005610C3 /* Frameworks */,
				96F425851EF2CC00005610C3 /* Resources */,
				B9379AACC0BDD61CBB058EEA /* [CP] Embed Pods Frameworks */,
				182F1DD2D9C818EE16ADF7AC /* [CP] Copy Pods Resources */,
			);
			buildRules = (
			);
			dependencies = (
			);
			name = JAReader;
			productName = JAReader;
			productReference = 96F425871EF2CC00005610C3 /* JAReader.app */;
			productType = "com.apple.product-type.application";
		};
/* End PBXNativeTarget section */

/* Begin PBXProject section */
		96F4257F1EF2CC00005610C3 /* Project object */ = {
			isa = PBXProject;
			attributes = {
				LastUpgradeCheck = 0830;
				ORGANIZATIONNAME = Jason;
				TargetAttributes = {
					96F425861EF2CC00005610C3 = {
						CreatedOnToolsVersion = 8.3.2;
						DevelopmentTeam = ZEY359R7A4;
						ProvisioningStyle = Automatic;
					};
				};
			};
			buildConfigurationList = 96F425821EF2CC00005610C3 /* Build configuration list for PBXProject "JAReader" */;
			compatibilityVersion = "Xcode 3.2";
			developmentRegion = English;
			hasScannedForEncodings = 0;
			knownRegions = (
				en,
				Base,
			);
			mainGroup = 96F4257E1EF2CC00005610C3;
			productRefGroup = 96F425881EF2CC00005610C3 /* Products */;
			projectDirPath = "";
			projectRoot = "";
			targets = (
				96F425861EF2CC00005610C3 /* JAReader */,
			);
		};
/* End PBXProject section */

/* Begin PBXResourcesBuildPhase section */
		96F425851EF2CC00005610C3 /* Resources */ = {
			isa = PBXResourcesBuildPhase;
			buildActionMask = 2147483647;
			files = (
				96F4259A1EF2CC00005610C3 /* LaunchScreen.storyboard in Resources */,
				96F425971EF2CC00005610C3 /* Assets.xcassets in Resources */,
				96F425951EF2CC00005610C3 /* Main.storyboard in Resources */,
			);
			runOnlyForDeploymentPostprocessing = 0;
		};
/* End PBXResourcesBuildPhase section */

/* Begin PBXShellScriptBuildPhase section */
		182F1DD2D9C818EE16ADF7AC /* [CP] Copy Pods Resources */ = {
			isa = PBXShellScriptBuildPhase;
			buildActionMask = 2147483647;
			files = (
			);
			inputPaths = (
			);
			name = "[CP] Copy Pods Resources";
			outputPaths = (
			);
			runOnlyForDeploymentPostprocessing = 0;
			shellPath = /bin/sh;
			shellScript = "\"${SRCROOT}/Pods/Target Support Files/Pods-JAReader/Pods-JAReader-resources.sh\"\n";
			showEnvVarsInLog = 0;
		};
		A6C20AF98C8C9F176F587264 /* [CP] Check Pods Manifest.lock */ = {
			isa = PBXShellScriptBuildPhase;
			buildActionMask = 2147483647;
			files = (
			);
			inputPaths = (
			);
			name = "[CP] Check Pods Manifest.lock";
			outputPaths = (
			);
			runOnlyForDeploymentPostprocessing = 0;
			shellPath = /bin/sh;
			shellScript = "diff \"${PODS_PODFILE_DIR_PATH}/Podfile.lock\" \"${PODS_ROOT}/Manifest.lock\" > /dev/null\nif [ $? != 0 ] ; then\n    # print error to STDERR\n    echo \"error: The sandbox is not in sync with the Podfile.lock. Run 'pod install' or update your CocoaPods installation.\" >&2\n    exit 1\nfi\n";
			showEnvVarsInLog = 0;
		};
		B9379AACC0BDD61CBB058EEA /* [CP] Embed Pods Frameworks */ = {
			isa = PBXShellScriptBuildPhase;
			buildActionMask = 2147483647;
			files = (
			);
			inputPaths = (
			);
			name = "[CP] Embed Pods Frameworks";
			outputPaths = (
			);
			runOnlyForDeploymentPostprocessing = 0;
			shellPath = /bin/sh;
			shellScript = "\"${SRCROOT}/Pods/Target Support Files/Pods-JAReader/Pods-JAReader-frameworks.sh\"\n";
			showEnvVarsInLog = 0;
		};
/* End PBXShellScriptBuildPhase section */

/* Begin PBXSourcesBuildPhase section */
		96F425831EF2CC00005610C3 /* Sources */ = {
			isa = PBXSourcesBuildPhase;
			buildActionMask = 2147483647;
			files = (
				96C3803E1F0325AD00AB0820 /* UIScreen+JACoder.m in Sources */,
				96F2A2511EFD67E800C42B63 /* JAReaderViewController.m in Sources */,
				96F2A2501EFD67E800C42B63 /* JAReaderParser.m in Sources */,
				96C37FFE1F031D2F00AB0820 /* MSUserModel.m in Sources */,
				96C380391F0325AD00AB0820 /* UIColor+JACoder.m in Sources */,
				96C380321F0325AD00AB0820 /* NSFileManager+JACoder.m in Sources */,
				96C3804F1F03289700AB0820 /* JANetworkMBHud.m in Sources */,
				96C380351F0325AD00AB0820 /* NSString+JACoder.m in Sources */,
				96C380401F0325AD00AB0820 /* UIView+JACoder.m in Sources */,
				96C380381F0325AD00AB0820 /* UICollectionView+JACoder.m in Sources */,
				96C380341F0325AD00AB0820 /* NSObject+JACoder.m in Sources */,
				96F425921EF2CC00005610C3 /* ViewController.m in Sources */,
				96C3804E1F03289700AB0820 /* JANetworkAFTask.m in Sources */,
				96F4258F1EF2CC00005610C3 /* AppDelegate.m in Sources */,
				96C380521F03289700AB0820 /* JANetworkManager.m in Sources */,
				96C3803D1F0325AD00AB0820 /* UINavigationController+JACoder.m in Sources */,
				96F4258C1EF2CC00005610C3 /* main.m in Sources */,
				96C3802D1F0325AD00AB0820 /* NSArray+JACoder.m in Sources */,
				96C3802E1F0325AD00AB0820 /* NSBundle+JACoder.m in Sources */,
				96C380361F0325AD00AB0820 /* NSURL+JACoder.m in Sources */,
				96C380331F0325AD00AB0820 /* NSNumber+JACoder.m in Sources */,
				96C37FFD1F031D2F00AB0820 /* MSCharterModel.m in Sources */,
				96F2A24D1EFD67E800C42B63 /* JAReaderConfig.m in Sources */,
				96C3802F1F0325AD00AB0820 /* NSData+JACoder.m in Sources */,
				96C380011F031D4600AB0820 /* JAModel.m in Sources */,
				96C380501F03289700AB0820 /* JANetworkHud.m in Sources */,
				96C380551F03294100AB0820 /* MSNetworkManager.m in Sources */,
				96C3803F1F0325AD00AB0820 /* UITableView+JACoder.m in Sources */,
				96C37FFC1F031D2F00AB0820 /* MSBookModel.m in Sources */,
				96C3803B1F0325AD00AB0820 /* UIImage+JACoder.m in Sources */,
				96C380791F04757900AB0820 /* MSRecordModel.m in Sources */,
				96C3803A1F0325AD00AB0820 /* UIDevice+JACoder.m in Sources */,
				96C3803C1F0325AD00AB0820 /* UINavigationBar+JACoder.m in Sources */,
				96C380301F0325AD00AB0820 /* NSDate+JACoder.m in Sources */,
				96C380371F0325AD00AB0820 /* UIButton+JACoder.m in Sources */,
				96C380311F0325AD00AB0820 /* NSDictionary+JACoder.m in Sources */,
				96F2A24E1EFD67E800C42B63 /* JAReaderPageView.m in Sources */,
				96C380511F03289700AB0820 /* JANetworkTask.m in Sources */,
				96F2A24F1EFD67E800C42B63 /* JAReaderPageViewController.m in Sources */,
			);
			runOnlyForDeploymentPostprocessing = 0;
		};
/* End PBXSourcesBuildPhase section */

/* Begin PBXVariantGroup section */
		96F425931EF2CC00005610C3 /* Main.storyboard */ = {
			isa = PBXVariantGroup;
			children = (
				96F425941EF2CC00005610C3 /* Base */,
			);
			name = Main.storyboard;
			sourceTree = "<group>";
		};
		96F425981EF2CC00005610C3 /* LaunchScreen.storyboard */ = {
			isa = PBXVariantGroup;
			children = (
				96F425991EF2CC00005610C3 /* Base */,
			);
			name = LaunchScreen.storyboard;
			sourceTree = "<group>";
		};
/* End PBXVariantGroup section */

/* Begin XCBuildConfiguration section */
		96F4259C1EF2CC00005610C3 /* Debug */ = {
			isa = XCBuildConfiguration;
			buildSettings = {
				ALWAYS_SEARCH_USER_PATHS = NO;
				CLANG_ANALYZER_NONNULL = YES;
				CLANG_ANALYZER_NUMBER_OBJECT_CONVERSION = YES_AGGRESSIVE;
				CLANG_CXX_LANGUAGE_STANDARD = "gnu++0x";
				CLANG_CXX_LIBRARY = "libc++";
				CLANG_ENABLE_MODULES = YES;
				CLANG_ENABLE_OBJC_ARC = YES;
				CLANG_WARN_BOOL_CONVERSION = YES;
				CLANG_WARN_CONSTANT_CONVERSION = YES;
				CLANG_WARN_DIRECT_OBJC_ISA_USAGE = YES_ERROR;
				CLANG_WARN_DOCUMENTATION_COMMENTS = YES;
				CLANG_WARN_EMPTY_BODY = YES;
				CLANG_WARN_ENUM_CONVERSION = YES;
				CLANG_WARN_INFINITE_RECURSION = YES;
				CLANG_WARN_INT_CONVERSION = YES;
				CLANG_WARN_OBJC_ROOT_CLASS = YES_ERROR;
				CLANG_WARN_SUSPICIOUS_MOVE = YES;
				CLANG_WARN_UNREACHABLE_CODE = YES;
				CLANG_WARN__DUPLICATE_METHOD_MATCH = YES;
				"CODE_SIGN_IDENTITY[sdk=iphoneos*]" = "iPhone Developer";
				COPY_PHASE_STRIP = NO;
				DEBUG_INFORMATION_FORMAT = dwarf;
				ENABLE_STRICT_OBJC_MSGSEND = YES;
				ENABLE_TESTABILITY = YES;
				GCC_C_LANGUAGE_STANDARD = gnu99;
				GCC_DYNAMIC_NO_PIC = NO;
				GCC_NO_COMMON_BLOCKS = YES;
				GCC_OPTIMIZATION_LEVEL = 0;
				GCC_PREPROCESSOR_DEFINITIONS = (
					"DEBUG=1",
					"$(inherited)",
				);
				GCC_WARN_64_TO_32_BIT_CONVERSION = YES;
				GCC_WARN_ABOUT_RETURN_TYPE = YES_ERROR;
				GCC_WARN_UNDECLARED_SELECTOR = YES;
				GCC_WARN_UNINITIALIZED_AUTOS = YES_AGGRESSIVE;
				GCC_WARN_UNUSED_FUNCTION = YES;
				GCC_WARN_UNUSED_VARIABLE = YES;
				IPHONEOS_DEPLOYMENT_TARGET = 10.3;
				MTL_ENABLE_DEBUG_INFO = YES;
				ONLY_ACTIVE_ARCH = YES;
				SDKROOT = iphoneos;
			};
			name = Debug;
		};
		96F4259D1EF2CC00005610C3 /* Release */ = {
			isa = XCBuildConfiguration;
			buildSettings = {
				ALWAYS_SEARCH_USER_PATHS = NO;
				CLANG_ANALYZER_NONNULL = YES;
				CLANG_ANALYZER_NUMBER_OBJECT_CONVERSION = YES_AGGRESSIVE;
				CLANG_CXX_LANGUAGE_STANDARD = "gnu++0x";
				CLANG_CXX_LIBRARY = "libc++";
				CLANG_ENABLE_MODULES = YES;
				CLANG_ENABLE_OBJC_ARC = YES;
				CLANG_WARN_BOOL_CONVERSION = YES;
				CLANG_WARN_CONSTANT_CONVERSION = YES;
				CLANG_WARN_DIRECT_OBJC_ISA_USAGE = YES_ERROR;
				CLANG_WARN_DOCUMENTATION_COMMENTS = YES;
				CLANG_WARN_EMPTY_BODY = YES;
				CLANG_WARN_ENUM_CONVERSION = YES;
				CLANG_WARN_INFINITE_RECURSION = YES;
				CLANG_WARN_INT_CONVERSION = YES;
				CLANG_WARN_OBJC_ROOT_CLASS = YES_ERROR;
				CLANG_WARN_SUSPICIOUS_MOVE = YES;
				CLANG_WARN_UNREACHABLE_CODE = YES;
				CLANG_WARN__DUPLICATE_METHOD_MATCH = YES;
				"CODE_SIGN_IDENTITY[sdk=iphoneos*]" = "iPhone Developer";
				COPY_PHASE_STRIP = NO;
				DEBUG_INFORMATION_FORMAT = "dwarf-with-dsym";
				ENABLE_NS_ASSERTIONS = NO;
				ENABLE_STRICT_OBJC_MSGSEND = YES;
				GCC_C_LANGUAGE_STANDARD = gnu99;
				GCC_NO_COMMON_BLOCKS = YES;
				GCC_WARN_64_TO_32_BIT_CONVERSION = YES;
				GCC_WARN_ABOUT_RETURN_TYPE = YES_ERROR;
				GCC_WARN_UNDECLARED_SELECTOR = YES;
				GCC_WARN_UNINITIALIZED_AUTOS = YES_AGGRESSIVE;
				GCC_WARN_UNUSED_FUNCTION = YES;
				GCC_WARN_UNUSED_VARIABLE = YES;
				IPHONEOS_DEPLOYMENT_TARGET = 10.3;
				MTL_ENABLE_DEBUG_INFO = NO;
				SDKROOT = iphoneos;
				VALIDATE_PRODUCT = YES;
			};
			name = Release;
		};
		96F4259F1EF2CC00005610C3 /* Debug */ = {
			isa = XCBuildConfiguration;
			baseConfigurationReference = 77544448C247719603D5357B /* Pods-JAReader.debug.xcconfig */;
			buildSettings = {
				ASSETCATALOG_COMPILER_APPICON_NAME = AppIcon;
				DEVELOPMENT_TEAM = ZEY359R7A4;
				INFOPLIST_FILE = JAReader/Info.plist;
				IPHONEOS_DEPLOYMENT_TARGET = 8.0;
				LD_RUNPATH_SEARCH_PATHS = "$(inherited) @executable_path/Frameworks";
				PRODUCT_BUNDLE_IDENTIFIER = com.coder.JAReader;
				PRODUCT_NAME = "$(TARGET_NAME)";
			};
			name = Debug;
		};
		96F425A01EF2CC00005610C3 /* Release */ = {
			isa = XCBuildConfiguration;
			baseConfigurationReference = 599BEE1B754708FB1D58BF36 /* Pods-JAReader.release.xcconfig */;
			buildSettings = {
				ASSETCATALOG_COMPILER_APPICON_NAME = AppIcon;
				DEVELOPMENT_TEAM = ZEY359R7A4;
				INFOPLIST_FILE = JAReader/Info.plist;
				IPHONEOS_DEPLOYMENT_TARGET = 8.0;
				LD_RUNPATH_SEARCH_PATHS = "$(inherited) @executable_path/Frameworks";
				PRODUCT_BUNDLE_IDENTIFIER = com.coder.JAReader;
				PRODUCT_NAME = "$(TARGET_NAME)";
			};
			name = Release;
		};
/* End XCBuildConfiguration section */

/* Begin XCConfigurationList section */
		96F425821EF2CC00005610C3 /* Build configuration list for PBXProject "JAReader" */ = {
			isa = XCConfigurationList;
			buildConfigurations = (
				96F4259C1EF2CC00005610C3 /* Debug */,
				96F4259D1EF2CC00005610C3 /* Release */,
			);
			defaultConfigurationIsVisible = 0;
			defaultConfigurationName = Release;
		};
		96F4259E1EF2CC00005610C3 /* Build configuration list for PBXNativeTarget "JAReader" */ = {
			isa = XCConfigurationList;
			buildConfigurations = (
				96F4259F1EF2CC00005610C3 /* Debug */,
				96F425A01EF2CC00005610C3 /* Release */,
			);
			defaultConfigurationIsVisible = 0;
			defaultConfigurationName = Release;
		};
/* End XCConfigurationList section */
	};
	rootObject = 96F4257F1EF2CC00005610C3 /* Project object */;
}
